
Microsoft Visual Studio Solution File, Format Version 12.00
# Visual Studio 15
VisualStudioVersion = 15.0.27428.2037
MinimumVisualStudioVersion = 10.0.40219.1
Project("{FAE04EC0-301F-11D3-BF4B-00C04F79EFBC}") = "WPFNodes1", "WPFNodes1\WPFNodes1.csproj", "{49F2C716-0EAF-446F-A198-C3913C483799}"
EndProject
Global
	GlobalSection(SolutionConfigurationPlatforms) = preSolution
		Debug|Any CPU = Debug|Any CPU
		Release|Any CPU = Release|Any CPU
	EndGlobalSection
	GlobalSection(ProjectConfigurationPlatforms) = postSolution
		{49F2C716-0EAF-446F-A198-C3913C483799}.Debug|Any CPU.ActiveCfg = Debug|Any CPU
		{49F2C716-0EAF-446F-A198-C3913C483799}.Debug|Any CPU.Build.0 = Debug|Any CPU
		{49F2C716-0EAF-446F-A198-C3913C483799}.Release|Any CPU.ActiveCfg = Release|Any CPU
		{49F2C716-0EAF-446F-A198-C3913C483799}.Release|Any CPU.Build.0 = Release|Any CPU
	EndGlobalSection
	GlobalSection(SolutionProperties) = preSolution
		HideSolutionNode = FALSE
	EndGlobalSection
	GlobalSection(ExtensibilityGlobals) = postSolution
		SolutionGuid = {E5E6EEB9-4EEF-430F-89BB-107CA3DDB53A}
	EndGlobalSection
EndGlobal
